
Microsoft Visual Studio Solution File, Format Version 12.00
# Visual Studio Version 17
VisualStudioVersion = 17.11.35327.3
MinimumVisualStudioVersion = 10.0.40219.1
Project("{FAE04EC0-301F-11D3-BF4B-00C04F79EFBC}") = "Ed.Practice", "Ed.Practice\Ed.Practice.csproj", "{E8261FB0-9B2F-4E0E-B5F1-215DCD7EAC17}"
EndProject
Global
	GlobalSection(SolutionConfigurationPlatforms) = preSolution
		Debug|Any CPU = Debug|Any CPU
		Release|Any CPU = Release|Any CPU
	EndGlobalSection
	GlobalSection(ProjectConfigurationPlatforms) = postSolution
		{E8261FB0-9B2F-4E0E-B5F1-215DCD7EAC17}.Debug|Any CPU.ActiveCfg = Debug|Any CPU
		{E8261FB0-9B2F-4E0E-B5F1-215DCD7EAC17}.Debug|Any CPU.Build.0 = Debug|Any CPU
		{E8261FB0-9B2F-4E0E-B5F1-215DCD7EAC17}.Release|Any CPU.ActiveCfg = Release|Any CPU
		{E8261FB0-9B2F-4E0E-B5F1-215DCD7EAC17}.Release|Any CPU.Build.0 = Release|Any CPU
	EndGlobalSection
	GlobalSection(SolutionProperties) = preSolution
		HideSolutionNode = FALSE
	EndGlobalSection
	GlobalSection(ExtensibilityGlobals) = postSolution
		SolutionGuid = {7716FAA4-F94C-4924-846F-63320C972F6C}
	EndGlobalSection
EndGlobal
